h12.io/go-gsl v0.0.0-20140121091636-b3b3482c8ac0 h1:s+8b46a1Yv5aKYTFq+n7xt9CUntOP3TwTsQ/g0KzVq8=
h12.io/go-nauty v0.0.0-20140121092503-9303ba853aeb h1:PFt5GmsgFY9eR5YnUO3ti5jkKclZOy/DkQZB5M0yJFY=
h12.io/go-nauty v0.0.0-20140121092503-9303ba853aeb/go.mod h1:yZ9pJuFUIf+arh0nJhlSaNBolv6BwV6NlG66jH0/5t4=
